
Microsoft Visual Studio Solution File, Format Version 12.00
# Visual Studio 15
VisualStudioVersion = 15.0.28307.421
MinimumVisualStudioVersion = 10.0.40219.1
Project("{FAE04EC0-301F-11D3-BF4B-00C04F79EFBC}") = "ShowCaseView.Android", "ShowCaseView\ShowCaseView.Android\ShowCaseView.Android.csproj", "{CEF5B3F5-E96E-4226-9B3E-32B9A6B6B8D2}"
EndProject
Project("{FAE04EC0-301F-11D3-BF4B-00C04F79EFBC}") = "ShowCaseView.iOS", "ShowCaseView\ShowCaseView.iOS\ShowCaseView.iOS.csproj", "{69320896-AA5F-444B-8D0F-F2759B470718}"
EndProject
Project("{FAE04EC0-301F-11D3-BF4B-00C04F79EFBC}") = "ShowCaseView", "ShowCaseView\ShowCaseView\ShowCaseView.csproj", "{29DD13E6-F477-406E-9848-D251C3EA156B}"
EndProject
Global
	GlobalSection(SolutionConfigurationPlatforms) = preSolution
		Ad-Hoc|Any CPU = Ad-Hoc|Any CPU
		Ad-Hoc|iPhone = Ad-Hoc|iPhone
		Ad-Hoc|iPhoneSimulator = Ad-Hoc|iPhoneSimulator
		AppStore|Any CPU = AppStore|Any CPU
		AppStore|iPhone = AppStore|iPhone
		AppStore|iPhoneSimulator = AppStore|iPhoneSimulator
		Debug|Any CPU = Debug|Any CPU
		Debug|iPhone = Debug|iPhone
		Debug|iPhoneSimulator = Debug|iPhoneSimulator
		Release|Any CPU = Release|Any CPU
		Release|iPhone = Release|iPhone
		Release|iPhoneSimulator = Release|iPhoneSimulator
	EndGlobalSection
	GlobalSection(ProjectConfigurationPlatforms) = postSolution
		{CEF5B3F5-E96E-4226-9B3E-32B9A6B6B8D2}.Ad-Hoc|Any CPU.ActiveCfg = Release|Any CPU
		{CEF5B3F5-E96E-4226-9B3E-32B9A6B6B8D2}.Ad-Hoc|Any CPU.Build.0 = Release|Any CPU
		{CEF5B3F5-E96E-4226-9B3E-32B9A6B6B8D2}.Ad-Hoc|Any CPU.Deploy.0 = Release|Any CPU
		{CEF5B3F5-E96E-4226-9B3E-32B9A6B6B8D2}.Ad-Hoc|iPhone.ActiveCfg = Release|Any CPU
		{CEF5B3F5-E96E-4226-9B3E-32B9A6B6B8D2}.Ad-Hoc|iPhone.Build.0 = Release|Any CPU
		{CEF5B3F5-E96E-4226-9B3E-32B9A6B6B8D2}.Ad-Hoc|iPhone.Deploy.0 = Release|Any CPU
		{CEF5B3F5-E96E-4226-9B3E-32B9A6B6B8D2}.Ad-Hoc|iPhoneSimulator.ActiveCfg = Release|Any CPU
		{CEF5B3F5-E96E-4226-9B3E-32B9A6B6B8D2}.Ad-Hoc|iPhoneSimulator.Build.0 = Release|Any CPU
		{CEF5B3F5-E96E-4226-9B3E-32B9A6B6B8D2}.Ad-Hoc|iPhoneSimulator.Deploy.0 = Release|Any CPU
		{CEF5B3F5-E96E-4226-9B3E-32B9A6B6B8D2}.AppStore|Any CPU.ActiveCfg = Release|Any CPU
		{CEF5B3F5-E96E-4226-9B3E-32B9A6B6B8D2}.AppStore|Any CPU.Build.0 = Release|Any CPU
		{CEF5B3F5-E96E-4226-9B3E-32B9A6B6B8D2}.AppStore|Any CPU.Deploy.0 = Release|Any CPU
		{CEF5B3F5-E96E-4226-9B3E-32B9A6B6B8D2}.AppStore|iPhone.ActiveCfg = Release|Any CPU
		{CEF5B3F5-E96E-4226-9B3E-32B9A6B6B8D2}.AppStore|iPhone.Build.0 = Release|Any CPU
		{CEF5B3F5-E96E-4226-9B3E-32B9A6B6B8D2}.AppStore|iPhone.Deploy.0 = Release|Any CPU
		{CEF5B3F5-E96E-4226-9B3E-32B9A6B6B8D2}.AppStore|iPhoneSimulator.ActiveCfg = Release|Any CPU
		{CEF5B3F5-E96E-4226-9B3E-32B9A6B6B8D2}.AppStore|iPhoneSimulator.Build.0 = Release|Any CPU
		{CEF5B3F5-E96E-4226-9B3E-32B9A6B6B8D2}.AppStore|iPhoneSimulator.Deploy.0 = Release|Any CPU
		{CEF5B3F5-E96E-4226-9B3E-32B9A6B6B8D2}.Debug|Any CPU.ActiveCfg = Debug|Any CPU
		{CEF5B3F5-E96E-4226-9B3E-32B9A6B6B8D2}.Debug|Any CPU.Build.0 = Debug|Any CPU
		{CEF5B3F5-E96E-4226-9B3E-32B9A6B6B8D2}.Debug|Any CPU.Deploy.0 = Debug|Any CPU
		{CEF5B3F5-E96E-4226-9B3E-32B9A6B6B8D2}.Debug|iPhone.ActiveCfg = Debug|Any CPU
		{CEF5B3F5-E96E-4226-9B3E-32B9A6B6B8D2}.Debug|iPhone.Build.0 = Debug|Any CPU
		{CEF5B3F5-E96E-4226-9B3E-32B9A6B6B8D2}.Debug|iPhone.Deploy.0 = Debug|Any CPU
		{CEF5B3F5-E96E-4226-9B3E-32B9A6B6B8D2}.Debug|iPhoneSimulator.ActiveCfg = Debug|Any CPU
		{CEF5B3F5-E96E-4226-9B3E-32B9A6B6B8D2}.Debug|iPhoneSimulator.Build.0 = Debug|Any CPU
		{CEF5B3F5-E96E-4226-9B3E-32B9A6B6B8D2}.Debug|iPhoneSimulator.Deploy.0 = Debug|Any CPU
		{CEF5B3F5-E96E-4226-9B3E-32B9A6B6B8D2}.Release|Any CPU.ActiveCfg = Release|Any CPU
		{CEF5B3F5-E96E-4226-9B3E-32B9A6B6B8D2}.Release|Any CPU.Build.0 = Release|Any CPU
		{CEF5B3F5-E96E-4226-9B3E-32B9A6B6B8D2}.Release|Any CPU.Deploy.0 = Release|Any CPU
		{CEF5B3F5-E96E-4226-9B3E-32B9A6B6B8D2}.Release|iPhone.ActiveCfg = Release|Any CPU
		{CEF5B3F5-E96E-4226-9B3E-32B9A6B6B8D2}.Release|iPhone.Build.0 = Release|Any CPU
		{CEF5B3F5-E96E-4226-9B3E-32B9A6B6B8D2}.Release|iPhone.Deploy.0 = Release|Any CPU
		{CEF5B3F5-E96E-4226-9B3E-32B9A6B6B8D2}.Release|iPhoneSimulator.ActiveCfg = Release|Any CPU
		{CEF5B3F5-E96E-4226-9B3E-32B9A6B6B8D2}.Release|iPhoneSimulator.Build.0 = Release|Any CPU
		{CEF5B3F5-E96E-4226-9B3E-32B9A6B6B8D2}.Release|iPhoneSimulator.Deploy.0 = Release|Any CPU
		{69320896-AA5F-444B-8D0F-F2759B470718}.Ad-Hoc|Any CPU.ActiveCfg = Ad-Hoc|iPhone
		{69320896-AA5F-444B-8D0F-F2759B470718}.Ad-Hoc|Any CPU.Build.0 = Ad-Hoc|iPhone
		{69320896-AA5F-444B-8D0F-F2759B470718}.Ad-Hoc|Any CPU.Deploy.0 = Ad-Hoc|iPhone
		{69320896-AA5F-444B-8D0F-F2759B470718}.Ad-Hoc|iPhone.ActiveCfg = Ad-Hoc|iPhone
		{69320896-AA5F-444B-8D0F-F2759B470718}.Ad-Hoc|iPhone.Build.0 = Ad-Hoc|iPhone
		{69320896-AA5F-444B-8D0F-F2759B470718}.Ad-Hoc|iPhone.Deploy.0 = Ad-Hoc|iPhone
		{69320896-AA5F-444B-8D0F-F2759B470718}.Ad-Hoc|iPhoneSimulator.ActiveCfg = Ad-Hoc|iPhoneSimulator
		{69320896-AA5F-444B-8D0F-F2759B470718}.Ad-Hoc|iPhoneSimulator.Build.0 = Ad-Hoc|iPhoneSimulator
		{69320896-AA5F-444B-8D0F-F2759B470718}.Ad-Hoc|iPhoneSimulator.Deploy.0 = Ad-Hoc|iPhoneSimulator
		{69320896-AA5F-444B-8D0F-F2759B470718}.AppStore|Any CPU.ActiveCfg = AppStore|iPhone
		{69320896-AA5F-444B-8D0F-F2759B470718}.AppStore|Any CPU.Build.0 = AppStore|iPhone
		{69320896-AA5F-444B-8D0F-F2759B470718}.AppStore|Any CPU.Deploy.0 = AppStore|iPhone
		{69320896-AA5F-444B-8D0F-F2759B470718}.AppStore|iPhone.ActiveCfg = AppStore|iPhone
		{69320896-AA5F-444B-8D0F-F2759B470718}.AppStore|iPhone.Build.0 = AppStore|iPhone
		{69320896-AA5F-444B-8D0F-F2759B470718}.AppStore|iPhone.Deploy.0 = AppStore|iPhone
		{69320896-AA5F-444B-8D0F-F2759B470718}.AppStore|iPhoneSimulator.ActiveCfg = AppStore|iPhoneSimulator
		{69320896-AA5F-444B-8D0F-F2759B470718}.AppStore|iPhoneSimulator.Build.0 = AppStore|iPhoneSimulator
		{69320896-AA5F-444B-8D0F-F2759B470718}.AppStore|iPhoneSimulator.Deploy.0 = AppStore|iPhoneSimulator
		{69320896-AA5F-444B-8D0F-F2759B470718}.Debug|Any CPU.ActiveCfg = Debug|iPhoneSimulator
		{69320896-AA5F-444B-8D0F-F2759B470718}.Debug|Any CPU.Build.0 = Debug|iPhoneSimulator
		{69320896-AA5F-444B-8D0F-F2759B470718}.Debug|Any CPU.Deploy.0 = Debug|iPhoneSimulator
		{69320896-AA5F-444B-8D0F-F2759B470718}.Debug|iPhone.ActiveCfg = Debug|iPhone
		{69320896-AA5F-444B-8D0F-F2759B470718}.Debug|iPhone.Build.0 = Debug|iPhone
		{69320896-AA5F-444B-8D0F-F2759B470718}.Debug|iPhone.Deploy.0 = Debug|iPhone
		{69320896-AA5F-444B-8D0F-F2759B470718}.Debug|iPhoneSimulator.ActiveCfg = Debug|iPhoneSimulator
		{69320896-AA5F-444B-8D0F-F2759B470718}.Debug|iPhoneSimulator.Build.0 = Debug|iPhoneSimulator
		{69320896-AA5F-444B-8D0F-F2759B470718}.Debug|iPhoneSimulator.Deploy.0 = Debug|iPhoneSimulator
		{69320896-AA5F-444B-8D0F-F2759B470718}.Release|Any CPU.ActiveCfg = Release|iPhone
		{69320896-AA5F-444B-8D0F-F2759B470718}.Release|Any CPU.Build.0 = Release|iPhone
		{69320896-AA5F-444B-8D0F-F2759B470718}.Release|Any CPU.Deploy.0 = Release|iPhone
		{69320896-AA5F-444B-8D0F-F2759B470718}.Release|iPhone.ActiveCfg = Release|iPhone
		{69320896-AA5F-444B-8D0F-F2759B470718}.Release|iPhone.Build.0 = Release|iPhone
		{69320896-AA5F-444B-8D0F-F2759B470718}.Release|iPhone.Deploy.0 = Release|iPhone
		{69320896-AA5F-444B-8D0F-F2759B470718}.Release|iPhoneSimulator.ActiveCfg = Release|iPhoneSimulator
		{69320896-AA5F-444B-8D0F-F2759B470718}.Release|iPhoneSimulator.Build.0 = Release|iPhoneSimulator
		{69320896-AA5F-444B-8D0F-F2759B470718}.Release|iPhoneSimulator.Deploy.0 = Release|iPhoneSimulator
		{29DD13E6-F477-406E-9848-D251C3EA156B}.Ad-Hoc|Any CPU.ActiveCfg = Debug|Any CPU
		{29DD13E6-F477-406E-9848-D251C3EA156B}.Ad-Hoc|Any CPU.Build.0 = Debug|Any CPU
		{29DD13E6-F477-406E-9848-D251C3EA156B}.Ad-Hoc|Any CPU.Deploy.0 = Debug|Any CPU
		{29DD13E6-F477-406E-9848-D251C3EA156B}.Ad-Hoc|iPhone.ActiveCfg = Debug|Any CPU
		{29DD13E6-F477-406E-9848-D251C3EA156B}.Ad-Hoc|iPhone.Build.0 = Debug|Any CPU
		{29DD13E6-F477-406E-9848-D251C3EA156B}.Ad-Hoc|iPhone.Deploy.0 = Debug|Any CPU
		{29DD13E6-F477-406E-9848-D251C3EA156B}.Ad-Hoc|iPhoneSimulator.ActiveCfg = Debug|Any CPU
		{29DD13E6-F477-406E-9848-D251C3EA156B}.Ad-Hoc|iPhoneSimulator.Build.0 = Debug|Any CPU
		{29DD13E6-F477-406E-9848-D251C3EA156B}.Ad-Hoc|iPhoneSimulator.Deploy.0 = Debug|Any CPU
		{29DD13E6-F477-406E-9848-D251C3EA156B}.AppStore|Any CPU.ActiveCfg = Debug|Any CPU
		{29DD13E6-F477-406E-9848-D251C3EA156B}.AppStore|Any CPU.Build.0 = Debug|Any CPU
		{29DD13E6-F477-406E-9848-D251C3EA156B}.AppStore|Any CPU.Deploy.0 = Debug|Any CPU
		{29DD13E6-F477-406E-9848-D251C3EA156B}.AppStore|iPhone.ActiveCfg = Debug|Any CPU
		{29DD13E6-F477-406E-9848-D251C3EA156B}.AppStore|iPhone.Build.0 = Debug|Any CPU
		{29DD13E6-F477-406E-9848-D251C3EA156B}.AppStore|iPhone.Deploy.0 = Debug|Any CPU
		{29DD13E6-F477-406E-9848-D251C3EA156B}.AppStore|iPhoneSimulator.ActiveCfg = Debug|Any CPU
		{29DD13E6-F477-406E-9848-D251C3EA156B}.AppStore|iPhoneSimulator.Build.0 = Debug|Any CPU
		{29DD13E6-F477-406E-9848-D251C3EA156B}.AppStore|iPhoneSimulator.Deploy.0 = Debug|Any CPU
		{29DD13E6-F477-406E-9848-D251C3EA156B}.Debug|Any CPU.ActiveCfg = Debug|Any CPU
		{29DD13E6-F477-406E-9848-D251C3EA156B}.Debug|Any CPU.Build.0 = Debug|Any CPU
		{29DD13E6-F477-406E-9848-D251C3EA156B}.Debug|Any CPU.Deploy.0 = Debug|Any CPU
		{29DD13E6-F477-406E-9848-D251C3EA156B}.Debug|iPhone.ActiveCfg = Debug|Any CPU
		{29DD13E6-F477-406E-9848-D251C3EA156B}.Debug|iPhone.Build.0 = Debug|Any CPU
		{29DD13E6-F477-406E-9848-D251C3EA156B}.Debug|iPhone.Deploy.0 = Debug|Any CPU
		{29DD13E6-F477-406E-9848-D251C3EA156B}.Debug|iPhoneSimulator.ActiveCfg = Debug|Any CPU
		{29DD13E6-F477-406E-9848-D251C3EA156B}.Debug|iPhoneSimulator.Build.0 = Debug|Any CPU
		{29DD13E6-F477-406E-9848-D251C3EA156B}.Debug|iPhoneSimulator.Deploy.0 = Debug|Any CPU
		{29DD13E6-F477-406E-9848-D251C3EA156B}.Release|Any CPU.ActiveCfg = Release|Any CPU
		{29DD13E6-F477-406E-9848-D251C3EA156B}.Release|Any CPU.Build.0 = Release|Any CPU
		{29DD13E6-F477-406E-9848-D251C3EA156B}.Release|Any CPU.Deploy.0 = Release|Any CPU
		{29DD13E6-F477-406E-9848-D251C3EA156B}.Release|iPhone.ActiveCfg = Release|Any CPU
		{29DD13E6-F477-406E-9848-D251C3EA156B}.Release|iPhone.Build.0 = Release|Any CPU
		{29DD13E6-F477-406E-9848-D251C3EA156B}.Release|iPhone.Deploy.0 = Release|Any CPU
		{29DD13E6-F477-406E-9848-D251C3EA156B}.Release|iPhoneSimulator.ActiveCfg = Release|Any CPU
		{29DD13E6-F477-406E-9848-D251C3EA156B}.Release|iPhoneSimulator.Build.0 = Release|Any CPU
		{29DD13E6-F477-406E-9848-D251C3EA156B}.Release|iPhoneSimulator.Deploy.0 = Release|Any CPU
	EndGlobalSection
	GlobalSection(SolutionProperties) = preSolution
		HideSolutionNode = FALSE
	EndGlobalSection
	GlobalSection(ExtensibilityGlobals) = postSolution
		SolutionGuid = {5C87EED7-5309-46D9-BA2B-EA8D000BAF8F}
	EndGlobalSection
EndGlobal
